// !$*UTF8*$!
{
	archiveVersion = 1;
	classes = {
	};
	objectVersion = 77;
	objects = {

/* Begin PBXBuildFile section */
		26BA44853026752800DDB2E9 /* YardGit in Frameworks */ = {isa = PBXBuildFile; productRef = 26BA44843026752800DDB2E9 /* YardGit */; };
		26BA44873026752800DDB2E9 /* YardKit in Frameworks */ = {isa = PBXBuildFile; productRef = 26BA44863026752800DDB2E9 /* YardKit */; };
		E398814DF31922FD00FDEBAD /* BrokerAgent in Embed Broker Agent Executable */ = {isa = PBXBuildFile; fileRef = 297AF29631C6CF47EA378EF1 /* BrokerAgent */; settings = {ATTRIBUTES = (CodeSignOnCopy, ); }; };
		09E01719DA7A35F18DF2878D /* co.sstools.Switchyard.broker.plist in Embed Broker Agent Plist */ = {isa = PBXBuildFile; fileRef = 48178BDA2A706B46B93DF235 /* co.sstools.Switchyard.broker.plist */; };
		A1B2C3D4E5F60001 /* YardUI in Frameworks */ = {isa = PBXBuildFile; productRef = A1B2C3D4E5F60000 /* YardUI */; };
/* End PBXBuildFile section */

/* Begin PBXContainerItemProxy section */
		26B64D4230251BCF00EB4FD0 /* PBXContainerItemProxy */ = {
			isa = PBXContainerItemProxy;
			containerPortal = 26B64D2C30251BCE00EB4FD0 /* Project object */;
			proxyType = 1;
			remoteGlobalIDString = 26B64D3330251BCE00EB4FD0;
			remoteInfo = Switchyard;
		};
		26B64D4C30251BCF00EB4FD0 /* PBXContainerItemProxy */ = {
			isa = PBXContainerItemProxy;
			containerPortal = 26B64D2C30251BCE00EB4FD0 /* Project object */;
			proxyType = 1;
			remoteGlobalIDString = 26B64D3330251BCE00EB4FD0;
			remoteInfo = Switchyard;
		};
		71961F677F62B1951154CD28 /* PBXContainerItemProxy */ = {
			isa = PBXContainerItemProxy;
			containerPortal = 26B64D2C30251BCE00EB4FD0 /* Project object */;
			proxyType = 1;
			remoteGlobalIDString = DE3EBA4092E83E03C92CF2BF;
			remoteInfo = BrokerAgent;
		};
/* End PBXContainerItemProxy section */

/* Begin PBXCopyFilesBuildPhase section */
		6B48FF2E294F42D830A8AC7C /* Embed Broker Agent Executable */ = {
			isa = PBXCopyFilesBuildPhase;
			buildActionMask = 2147483647;
			dstPath = "";
			dstSubfolderSpec = 6;
			files = (
				E398814DF31922FD00FDEBAD /* BrokerAgent in Embed Broker Agent Executable */,
			);
			name = "Embed Broker Agent Executable";
			runOnlyForDeploymentPostprocessing = 0;
		};
		59893A6AA309E3A9BC46E7F4 /* Embed Broker Agent Plist */ = {
			isa = PBXCopyFilesBuildPhase;
			buildActionMask = 2147483647;
			dstPath = Contents/Library/LaunchAgents;
			dstSubfolderSpec = 1;
			files = (
				09E01719DA7A35F18DF2878D /* co.sstools.Switchyard.broker.plist in Embed Broker Agent Plist */,
			);
			name = "Embed Broker Agent Plist";
			runOnlyForDeploymentPostprocessing = 0;
		};
/* End PBXCopyFilesBuildPhase section */

/* Begin PBXFileReference section */
		26B64D3430251BCE00EB4FD0 /* Switchyard.app */ = {isa = PBXFileReference; explicitFileType = wrapper.application; includeInIndex = 0; path = Switchyard.app; sourceTree = BUILT_PRODUCTS_DIR; };
		26B64D4130251BCF00EB4FD0 /* SwitchyardTests.xctest */ = {isa = PBXFileReference; explicitFileType = wrapper.cfbundle; includeInIndex = 0; path = SwitchyardTests.xctest; sourceTree = BUILT_PRODUCTS_DIR; };
		26B64D4B30251BCF00EB4FD0 /* SwitchyardUITests.xctest */ = {isa = PBXFileReference; explicitFileType = wrapper.cfbundle; includeInIndex = 0; path = SwitchyardUITests.xctest; sourceTree = BUILT_PRODUCTS_DIR; };
		297AF29631C6CF47EA378EF1 /* BrokerAgent */ = {isa = PBXFileReference; explicitFileType = "compiled.mach-o.executable"; includeInIndex = 0; path = BrokerAgent; sourceTree = BUILT_PRODUCTS_DIR; };
		48178BDA2A706B46B93DF235 /* co.sstools.Switchyard.broker.plist */ = {isa = PBXFileReference; lastKnownFileType = text.plist.xml; path = co.sstools.Switchyard.broker.plist; sourceTree = "<group>"; };
/* End PBXFileReference section */

/* Begin PBXFileSystemSynchronizedRootGroup section */
		26B64D3630251BCE00EB4FD0 /* Switchyard */ = {
			isa = PBXFileSystemSynchronizedRootGroup;
			path = Switchyard;
			sourceTree = "<group>";
		};
		26B64D4430251BCF00EB4FD0 /* SwitchyardTests */ = {
			isa = PBXFileSystemSynchronizedRootGroup;
			path = SwitchyardTests;
			sourceTree = "<group>";
		};
		26B64D4E30251BCF00EB4FD0 /* SwitchyardUITests */ = {
			isa = PBXFileSystemSynchronizedRootGroup;
			path = SwitchyardUITests;
			sourceTree = "<group>";
		};
		3D58D9265832B41421C8AC42 /* BrokerAgent */ = {
			isa = PBXFileSystemSynchronizedRootGroup;
			path = BrokerAgent;
			sourceTree = "<group>";
		};
/* End PBXFileSystemSynchronizedRootGroup section */

/* Begin PBXFrameworksBuildPhase section */
		26B64D3130251BCE00EB4FD0 /* Frameworks */ = {
			isa = PBXFrameworksBuildPhase;
			buildActionMask = 2147483647;
			files = (
				26BA44853026752800DDB2E9 /* YardGit in Frameworks */,
				26BA44873026752800DDB2E9 /* YardKit in Frameworks */,
				A1B2C3D4E5F60001 /* YardUI in Frameworks */,
			);
			runOnlyForDeploymentPostprocessing = 0;
		};
		26B64D3E30251BCF00EB4FD0 /* Frameworks */ = {
			isa = PBXFrameworksBuildPhase;
			buildActionMask = 2147483647;
			files = (
			);
			runOnlyForDeploymentPostprocessing = 0;
		};
		26B64D4830251BCF00EB4FD0 /* Frameworks */ = {
			isa = PBXFrameworksBuildPhase;
			buildActionMask = 2147483647;
			files = (
			);
			runOnlyForDeploymentPostprocessing = 0;
		};
		875DE30D7594E2AA125F7506 /* Frameworks */ = {
			isa = PBXFrameworksBuildPhase;
			buildActionMask = 2147483647;
			files = (
			);
			runOnlyForDeploymentPostprocessing = 0;
		};
/* End PBXFrameworksBuildPhase section */

/* Begin PBXGroup section */
		26B64D2B30251BCE00EB4FD0 = {
			isa = PBXGroup;
			children = (
				26B64D3630251BCE00EB4FD0 /* Switchyard */,
				3D58D9265832B41421C8AC42 /* BrokerAgent */,
				26B64D4430251BCF00EB4FD0 /* SwitchyardTests */,
				26B64D4E30251BCF00EB4FD0 /* SwitchyardUITests */,
				C94E3E13DA27D67B3F4CA6D8 /* Support */,
				26BA44833026752800DDB2E9 /* Frameworks */,
				26B64D3530251BCE00EB4FD0 /* Products */,
			);
			sourceTree = "<group>";
		};
		26B64D3530251BCE00EB4FD0 /* Products */ = {
			isa = PBXGroup;
			children = (
				26B64D3430251BCE00EB4FD0 /* Switchyard.app */,
				297AF29631C6CF47EA378EF1 /* BrokerAgent */,
				26B64D4130251BCF00EB4FD0 /* SwitchyardTests.xctest */,
				26B64D4B30251BCF00EB4FD0 /* SwitchyardUITests.xctest */,
			);
			name = Products;
			sourceTree = "<group>";
		};
		26BA44833026752800DDB2E9 /* Frameworks */ = {
			isa = PBXGroup;
			children = (
			);
			name = Frameworks;
			sourceTree = "<group>";
		};
		C94E3E13DA27D67B3F4CA6D8 /* Support */ = {
			isa = PBXGroup;
			children = (
				48178BDA2A706B46B93DF235 /* co.sstools.Switchyard.broker.plist */,
			);
			path = Support;
			sourceTree = "<group>";
		};
/* End PBXGroup section */

/* Begin PBXNativeTarget section */
		26B64D3330251BCE00EB4FD0 /* Switchyard */ = {
			isa = PBXNativeTarget;
			buildConfigurationList = 26B64D5530251BCF00EB4FD0 /* Build configuration list for PBXNativeTarget "Switchyard" */;
			buildPhases = (
				26B64D3030251BCE00EB4FD0 /* Sources */,
				26B64D3130251BCE00EB4FD0 /* Frameworks */,
				26B64D3230251BCE00EB4FD0 /* Resources */,
				6B48FF2E294F42D830A8AC7C /* Embed Broker Agent Executable */,
				59893A6AA309E3A9BC46E7F4 /* Embed Broker Agent Plist */,
			);
			buildRules = (
			);
			dependencies = (
				72CDD340A1266FD5A6A5D1D1 /* PBXTargetDependency */,
			);
			fileSystemSynchronizedGroups = (
				26B64D3630251BCE00EB4FD0 /* Switchyard */,
			);
			name = Switchyard;
			packageProductDependencies = (
				26BA44843026752800DDB2E9 /* YardGit */,
				26BA44863026752800DDB2E9 /* YardKit */,
			);
			productName = Switchyard;
			productReference = 26B64D3430251BCE00EB4FD0 /* Switchyard.app */;
			productType = "com.apple.product-type.application";
		};
		26B64D4030251BCF00EB4FD0 /* SwitchyardTests */ = {
			isa = PBXNativeTarget;
			buildConfigurationList = 26B64D5830251BCF00EB4FD0 /* Build configuration list for PBXNativeTarget "SwitchyardTests" */;
			buildPhases = (
				26B64D3D30251BCF00EB4FD0 /* Sources */,
				26B64D3E30251BCF00EB4FD0 /* Frameworks */,
				26B64D3F30251BCF00EB4FD0 /* Resources */,
			);
			buildRules = (
			);
			dependencies = (
				26B64D4330251BCF00EB4FD0 /* PBXTargetDependency */,
			);
			fileSystemSynchronizedGroups = (
				26B64D4430251BCF00EB4FD0 /* SwitchyardTests */,
			);
			name = SwitchyardTests;
			packageProductDependencies = (
			);
			productName = SwitchyardTests;
			productReference = 26B64D4130251BCF00EB4FD0 /* SwitchyardTests.xctest */;
			productType = "com.apple.product-type.bundle.unit-test";
		};
		26B64D4A30251BCF00EB4FD0 /* SwitchyardUITests */ = {
			isa = PBXNativeTarget;
			buildConfigurationList = 26B64D5B30251BCF00EB4FD0 /* Build configuration list for PBXNativeTarget "SwitchyardUITests" */;
			buildPhases = (
				26B64D4730251BCF00EB4FD0 /* Sources */,
				26B64D4830251BCF00EB4FD0 /* Frameworks */,
				26B64D4930251BCF00EB4FD0 /* Resources */,
			);
			buildRules = (
			);
			dependencies = (
				26B64D4D30251BCF00EB4FD0 /* PBXTargetDependency */,
			);
			fileSystemSynchronizedGroups = (
				26B64D4E30251BCF00EB4FD0 /* SwitchyardUITests */,
			);
			name = SwitchyardUITests;
			packageProductDependencies = (
			);
			productName = SwitchyardUITests;
			productReference = 26B64D4B30251BCF00EB4FD0 /* SwitchyardUITests.xctest */;
			productType = "com.apple.product-type.bundle.ui-testing";
		};
		DE3EBA4092E83E03C92CF2BF /* BrokerAgent */ = {
			isa = PBXNativeTarget;
			buildConfigurationList = F35D2D8172A915A534600AEA /* Build configuration list for PBXNativeTarget "BrokerAgent" */;
			buildPhases = (
				1013DD15CD1B4A56CA859BAA /* Sources */,
				875DE30D7594E2AA125F7506 /* Frameworks */,
			);
			buildRules = (
			);
			dependencies = (
			);
			fileSystemSynchronizedGroups = (
				3D58D9265832B41421C8AC42 /* BrokerAgent */,
			);
			name = BrokerAgent;
			packageProductDependencies = (
			);
			productName = BrokerAgent;
			productReference = 297AF29631C6CF47EA378EF1 /* BrokerAgent */;
			productType = "com.apple.product-type.tool";
		};
/* End PBXNativeTarget section */

/* Begin PBXProject section */
		26B64D2C30251BCE00EB4FD0 /* Project object */ = {
			isa = PBXProject;
			attributes = {
				BuildIndependentTargetsInParallel = 1;
				LastSwiftUpdateCheck = 2660;
				LastUpgradeCheck = 2660;
				TargetAttributes = {
					26B64D3330251BCE00EB4FD0 = {
						CreatedOnToolsVersion = 26.6;
					};
					26B64D4030251BCF00EB4FD0 = {
						CreatedOnToolsVersion = 26.6;
						TestTargetID = 26B64D3330251BCE00EB4FD0;
					};
					26B64D4A30251BCF00EB4FD0 = {
						CreatedOnToolsVersion = 26.6;
						TestTargetID = 26B64D3330251BCE00EB4FD0;
					};
					DE3EBA4092E83E03C92CF2BF = {
						CreatedOnToolsVersion = 26.6;
					};
				};
			};
			buildConfigurationList = 26B64D2F30251BCE00EB4FD0 /* Build configuration list for PBXProject "Switchyard" */;
			developmentRegion = en;
			hasScannedForEncodings = 0;
			knownRegions = (
				en,
				Base,
			);
			mainGroup = 26B64D2B30251BCE00EB4FD0;
			minimizedProjectReferenceProxies = 1;
			packageReferences = (
				26BA44803025CBFE00DDB2E9 /* XCLocalSwiftPackageReference "YardKit" */,
			);
			preferredProjectObjectVersion = 77;
			productRefGroup = 26B64D3530251BCE00EB4FD0 /* Products */;
			projectDirPath = "";
			projectRoot = "";
			targets = (
				26B64D3330251BCE00EB4FD0 /* Switchyard */,
				DE3EBA4092E83E03C92CF2BF /* BrokerAgent */,
				26B64D4030251BCF00EB4FD0 /* SwitchyardTests */,
				26B64D4A30251BCF00EB4FD0 /* SwitchyardUITests */,
			);
		};
/* End PBXProject section */

/* Begin PBXResourcesBuildPhase section */
		26B64D3230251BCE00EB4FD0 /* Resources */ = {
			isa = PBXResourcesBuildPhase;
			buildActionMask = 2147483647;
			files = (
			);
			runOnlyForDeploymentPostprocessing = 0;
		};
		26B64D3F30251BCF00EB4FD0 /* Resources */ = {
			isa = PBXResourcesBuildPhase;
			buildActionMask = 2147483647;
			files = (
			);
			runOnlyForDeploymentPostprocessing = 0;
		};
		26B64D4930251BCF00EB4FD0 /* Resources */ = {
			isa = PBXResourcesBuildPhase;
			buildActionMask = 2147483647;
			files = (
			);
			runOnlyForDeploymentPostprocessing = 0;
		};
/* End PBXResourcesBuildPhase section */

/* Begin PBXSourcesBuildPhase section */
		26B64D3030251BCE00EB4FD0 /* Sources */ = {
			isa = PBXSourcesBuildPhase;
			buildActionMask = 2147483647;
			files = (
			);
			runOnlyForDeploymentPostprocessing = 0;
		};
		26B64D3D30251BCF00EB4FD0 /* Sources */ = {
			isa = PBXSourcesBuildPhase;
			buildActionMask = 2147483647;
			files = (
			);
			runOnlyForDeploymentPostprocessing = 0;
		};
		26B64D4730251BCF00EB4FD0 /* Sources */ = {
			isa = PBXSourcesBuildPhase;
			buildActionMask = 2147483647;
			files = (
			);
			runOnlyForDeploymentPostprocessing = 0;
		};
		1013DD15CD1B4A56CA859BAA /* Sources */ = {
			isa = PBXSourcesBuildPhase;
			buildActionMask = 2147483647;
			files = (
			);
			runOnlyForDeploymentPostprocessing = 0;
		};
/* End PBXSourcesBuildPhase section */

/* Begin PBXTargetDependency section */
		26B64D4330251BCF00EB4FD0 /* PBXTargetDependency */ = {
			isa = PBXTargetDependency;
			target = 26B64D3330251BCE00EB4FD0 /* Switchyard */;
			targetProxy = 26B64D4230251BCF00EB4FD0 /* PBXContainerItemProxy */;
		};
		26B64D4D30251BCF00EB4FD0 /* PBXTargetDependency */ = {
			isa = PBXTargetDependency;
			target = 26B64D3330251BCE00EB4FD0 /* Switchyard */;
			targetProxy = 26B64D4C30251BCF00EB4FD0 /* PBXContainerItemProxy */;
		};
		72CDD340A1266FD5A6A5D1D1 /* PBXTargetDependency */ = {
			isa = PBXTargetDependency;
			target = DE3EBA4092E83E03C92CF2BF /* BrokerAgent */;
			targetProxy = 71961F677F62B1951154CD28 /* PBXContainerItemProxy */;
		};
/* End PBXTargetDependency section */

/* Begin XCBuildConfiguration section */
		26B64D5330251BCF00EB4FD0 /* Debug */ = {
			isa = XCBuildConfiguration;
			buildSettings = {
				ALWAYS_SEARCH_USER_PATHS = NO;
				ASSETCATALOG_COMPILER_GENERATE_SWIFT_ASSET_SYMBOL_EXTENSIONS = YES;
				CLANG_ANALYZER_NONNULL = YES;
				CLANG_ANALYZER_NUMBER_OBJECT_CONVERSION = YES_AGGRESSIVE;
				CLANG_CXX_LANGUAGE_STANDARD = "gnu++20";
				CLANG_ENABLE_MODULES = YES;
				CLANG_ENABLE_OBJC_ARC = YES;
				CLANG_ENABLE_OBJC_WEAK = YES;
				CLANG_WARN_BLOCK_CAPTURE_AUTORELEASING = YES;
				CLANG_WARN_BOOL_CONVERSION = YES;
				CLANG_WARN_COMMA = YES;
				CLANG_WARN_CONSTANT_CONVERSION = YES;
				CLANG_WARN_DEPRECATED_OBJC_IMPLEMENTATIONS = YES;
				CLANG_WARN_DIRECT_OBJC_ISA_USAGE = YES_ERROR;
				CLANG_WARN_DOCUMENTATION_COMMENTS = YES;
				CLANG_WARN_EMPTY_BODY = YES;
				CLANG_WARN_ENUM_CONVERSION = YES;
				CLANG_WARN_INFINITE_RECURSION = YES;
				CLANG_WARN_INT_CONVERSION = YES;
				CLANG_WARN_NON_LITERAL_NULL_CONVERSION = YES;
				CLANG_WARN_OBJC_IMPLICIT_RETAIN_SELF = YES;
				CLANG_WARN_OBJC_LITERAL_CONVERSION = YES;
				CLANG_WARN_OBJC_ROOT_CLASS = YES_ERROR;
				CLANG_WARN_QUOTED_INCLUDE_IN_FRAMEWORK_HEADER = YES;
				CLANG_WARN_RANGE_LOOP_ANALYSIS = YES;
				CLANG_WARN_STRICT_PROTOTYPES = YES;
				CLANG_WARN_SUSPICIOUS_MOVE = YES;
				CLANG_WARN_UNGUARDED_AVAILABILITY = YES_AGGRESSIVE;
				CLANG_WARN_UNREACHABLE_CODE = YES;
				CLANG_WARN__DUPLICATE_METHOD_MATCH = YES;
				COPY_PHASE_STRIP = NO;
				DEBUG_INFORMATION_FORMAT = dwarf;
				DEVELOPMENT_TEAM = XV8BAAVZ6V;
				ENABLE_STRICT_OBJC_MSGSEND = YES;
				ENABLE_TESTABILITY = YES;
				ENABLE_USER_SCRIPT_SANDBOXING = YES;
				GCC_C_LANGUAGE_STANDARD = gnu17;
				GCC_DYNAMIC_NO_PIC = NO;
				GCC_NO_COMMON_BLOCKS = YES;
				GCC_OPTIMIZATION_LEVEL = 0;
				GCC_PREPROCESSOR_DEFINITIONS = (
					"DEBUG=1",
					"$(inherited)",
				);
				GCC_WARN_64_TO_32_BIT_CONVERSION = YES;
				GCC_WARN_ABOUT_RETURN_TYPE = YES_ERROR;
				GCC_WARN_UNDECLARED_SELECTOR = YES;
				GCC_WARN_UNINITIALIZED_AUTOS = YES_AGGRESSIVE;
				GCC_WARN_UNUSED_FUNCTION = YES;
				GCC_WARN_UNUSED_VARIABLE = YES;
				LOCALIZATION_PREFERS_STRING_CATALOGS = YES;
				MTL_ENABLE_DEBUG_INFO = INCLUDE_SOURCE;
				MTL_FAST_MATH = YES;
				ONLY_ACTIVE_ARCH = YES;
				SWIFT_ACTIVE_COMPILATION_CONDITIONS = "DEBUG $(inherited)";
				SWIFT_OPTIMIZATION_LEVEL = "-Onone";
			};
			name = Debug;
		};
		26B64D5430251BCF00EB4FD0 /* Release */ = {
			isa = XCBuildConfiguration;
			buildSettings = {
				ALWAYS_SEARCH_USER_PATHS = NO;
				ASSETCATALOG_COMPILER_GENERATE_SWIFT_ASSET_SYMBOL_EXTENSIONS = YES;
				CLANG_ANALYZER_NONNULL = YES;
				CLANG_ANALYZER_NUMBER_OBJECT_CONVERSION = YES_AGGRESSIVE;
				CLANG_CXX_LANGUAGE_STANDARD = "gnu++20";
				CLANG_ENABLE_MODULES = YES;
				CLANG_ENABLE_OBJC_ARC = YES;
				CLANG_ENABLE_OBJC_WEAK = YES;
				CLANG_WARN_BLOCK_CAPTURE_AUTORELEASING = YES;
				CLANG_WARN_BOOL_CONVERSION = YES;
				CLANG_WARN_COMMA = YES;
				CLANG_WARN_CONSTANT_CONVERSION = YES;
				CLANG_WARN_DEPRECATED_OBJC_IMPLEMENTATIONS = YES;
				CLANG_WARN_DIRECT_OBJC_ISA_USAGE = YES_ERROR;
				CLANG_WARN_DOCUMENTATION_COMMENTS = YES;
				CLANG_WARN_EMPTY_BODY = YES;
				CLANG_WARN_ENUM_CONVERSION = YES;
				CLANG_WARN_INFINITE_RECURSION = YES;
				CLANG_WARN_INT_CONVERSION = YES;
				CLANG_WARN_NON_LITERAL_NULL_CONVERSION = YES;
				CLANG_WARN_OBJC_IMPLICIT_RETAIN_SELF = YES;
				CLANG_WARN_OBJC_LITERAL_CONVERSION = YES;
				CLANG_WARN_OBJC_ROOT_CLASS = YES_ERROR;
				CLANG_WARN_QUOTED_INCLUDE_IN_FRAMEWORK_HEADER = YES;
				CLANG_WARN_RANGE_LOOP_ANALYSIS = YES;
				CLANG_WARN_STRICT_PROTOTYPES = YES;
				CLANG_WARN_SUSPICIOUS_MOVE = YES;
				CLANG_WARN_UNGUARDED_AVAILABILITY = YES_AGGRESSIVE;
				CLANG_WARN_UNREACHABLE_CODE = YES;
				CLANG_WARN__DUPLICATE_METHOD_MATCH = YES;
				COPY_PHASE_STRIP = NO;
				DEBUG_INFORMATION_FORMAT = "dwarf-with-dsym";
				DEVELOPMENT_TEAM = XV8BAAVZ6V;
				ENABLE_NS_ASSERTIONS = NO;
				ENABLE_STRICT_OBJC_MSGSEND = YES;
				ENABLE_USER_SCRIPT_SANDBOXING = YES;
				GCC_C_LANGUAGE_STANDARD = gnu17;
				GCC_NO_COMMON_BLOCKS = YES;
				GCC_WARN_64_TO_32_BIT_CONVERSION = YES;
				GCC_WARN_ABOUT_RETURN_TYPE = YES_ERROR;
				GCC_WARN_UNDECLARED_SELECTOR = YES;
				GCC_WARN_UNINITIALIZED_AUTOS = YES_AGGRESSIVE;
				GCC_WARN_UNUSED_FUNCTION = YES;
				GCC_WARN_UNUSED_VARIABLE = YES;
				LOCALIZATION_PREFERS_STRING_CATALOGS = YES;
				MTL_ENABLE_DEBUG_INFO = NO;
				MTL_FAST_MATH = YES;
				SWIFT_COMPILATION_MODE = wholemodule;
			};
			name = Release;
		};
		26B64D5630251BCF00EB4FD0 /* Debug */ = {
			isa = XCBuildConfiguration;
			buildSettings = {
				ASSETCATALOG_COMPILER_APPICON_NAME = AppIcon;
				ASSETCATALOG_COMPILER_GLOBAL_ACCENT_COLOR_NAME = AccentColor;
				CODE_SIGN_STYLE = Automatic;
				CURRENT_PROJECT_VERSION = 1;
				DEVELOPMENT_TEAM = XV8BAAVZ6V;
				ENABLE_APP_SANDBOX = YES;
				ENABLE_HARDENED_RUNTIME = YES;
				ENABLE_PREVIEWS = YES;
				ENABLE_USER_SELECTED_FILES = readonly;
				GENERATE_INFOPLIST_FILE = YES;
				"INFOPLIST_KEY_UIApplicationSceneManifest_Generation[sdk=iphoneos*]" = YES;
				"INFOPLIST_KEY_UIApplicationSceneManifest_Generation[sdk=iphonesimulator*]" = YES;
				"INFOPLIST_KEY_UIApplicationSupportsIndirectInputEvents[sdk=iphoneos*]" = YES;
				"INFOPLIST_KEY_UIApplicationSupportsIndirectInputEvents[sdk=iphonesimulator*]" = YES;
				"INFOPLIST_KEY_UILaunchScreen_Generation[sdk=iphoneos*]" = YES;
				"INFOPLIST_KEY_UILaunchScreen_Generation[sdk=iphonesimulator*]" = YES;
				"INFOPLIST_KEY_UIStatusBarStyle[sdk=iphoneos*]" = UIStatusBarStyleDefault;
				"INFOPLIST_KEY_UIStatusBarStyle[sdk=iphonesimulator*]" = UIStatusBarStyleDefault;
				INFOPLIST_KEY_UISupportedInterfaceOrientations_iPad = "UIInterfaceOrientationPortrait UIInterfaceOrientationPortraitUpsideDown UIInterfaceOrientationLandscapeLeft UIInterfaceOrientationLandscapeRight";
				INFOPLIST_KEY_UISupportedInterfaceOrientations_iPhone = "UIInterfaceOrientationPortrait UIInterfaceOrientationLandscapeLeft UIInterfaceOrientationLandscapeRight";
				IPHONEOS_DEPLOYMENT_TARGET = 26.5;
				LD_RUNPATH_SEARCH_PATHS = "@executable_path/Frameworks";
				"LD_RUNPATH_SEARCH_PATHS[sdk=macosx*]" = "@executable_path/../Frameworks";
				MACOSX_DEPLOYMENT_TARGET = 26.5;
				MARKETING_VERSION = 1.0;
				PRODUCT_BUNDLE_IDENTIFIER = co.sstools.Switchyard;
				PRODUCT_NAME = "$(TARGET_NAME)";
				REGISTER_APP_GROUPS = YES;
				SDKROOT = auto;
				STRING_CATALOG_GENERATE_SYMBOLS = YES;
				SUPPORTED_PLATFORMS = "iphoneos iphonesimulator macosx xros xrsimulator";
				SWIFT_APPROACHABLE_CONCURRENCY = YES;
				SWIFT_DEFAULT_ACTOR_ISOLATION = MainActor;
				SWIFT_EMIT_LOC_STRINGS = YES;
				SWIFT_UPCOMING_FEATURE_MEMBER_IMPORT_VISIBILITY = YES;
				SWIFT_VERSION = 5.0;
				TARGETED_DEVICE_FAMILY = "1,2,7";
				XROS_DEPLOYMENT_TARGET = 26.5;
			};
			name = Debug;
		};
		26B64D5730251BCF00EB4FD0 /* Release */ = {
			isa = XCBuildConfiguration;
			buildSettings = {
				ASSETCATALOG_COMPILER_APPICON_NAME = AppIcon;
				ASSETCATALOG_COMPILER_GLOBAL_ACCENT_COLOR_NAME = AccentColor;
				CODE_SIGN_STYLE = Automatic;
				CURRENT_PROJECT_VERSION = 1;
				DEVELOPMENT_TEAM = XV8BAAVZ6V;
				ENABLE_APP_SANDBOX = YES;
				ENABLE_HARDENED_RUNTIME = YES;
				ENABLE_PREVIEWS = YES;
				ENABLE_USER_SELECTED_FILES = readonly;
				GENERATE_INFOPLIST_FILE = YES;
				"INFOPLIST_KEY_UIApplicationSceneManifest_Generation[sdk=iphoneos*]" = YES;
				"INFOPLIST_KEY_UIApplicationSceneManifest_Generation[sdk=iphonesimulator*]" = YES;
				"INFOPLIST_KEY_UIApplicationSupportsIndirectInputEvents[sdk=iphoneos*]" = YES;
				"INFOPLIST_KEY_UIApplicationSupportsIndirectInputEvents[sdk=iphonesimulator*]" = YES;
				"INFOPLIST_KEY_UILaunchScreen_Generation[sdk=iphoneos*]" = YES;
				"INFOPLIST_KEY_UILaunchScreen_Generation[sdk=iphonesimulator*]" = YES;
				"INFOPLIST_KEY_UIStatusBarStyle[sdk=iphoneos*]" = UIStatusBarStyleDefault;
				"INFOPLIST_KEY_UIStatusBarStyle[sdk=iphonesimulator*]" = UIStatusBarStyleDefault;
				INFOPLIST_KEY_UISupportedInterfaceOrientations_iPad = "UIInterfaceOrientationPortrait UIInterfaceOrientationPortraitUpsideDown UIInterfaceOrientationLandscapeLeft UIInterfaceOrientationLandscapeRight";
				INFOPLIST_KEY_UISupportedInterfaceOrientations_iPhone = "UIInterfaceOrientationPortrait UIInterfaceOrientationLandscapeLeft UIInterfaceOrientationLandscapeRight";
				IPHONEOS_DEPLOYMENT_TARGET = 26.5;
				LD_RUNPATH_SEARCH_PATHS = "@executable_path/Frameworks";
				"LD_RUNPATH_SEARCH_PATHS[sdk=macosx*]" = "@executable_path/../Frameworks";
				MACOSX_DEPLOYMENT_TARGET = 26.5;
				MARKETING_VERSION = 1.0;
				PRODUCT_BUNDLE_IDENTIFIER = co.sstools.Switchyard;
				PRODUCT_NAME = "$(TARGET_NAME)";
				REGISTER_APP_GROUPS = YES;
				SDKROOT = auto;
				STRING_CATALOG_GENERATE_SYMBOLS = YES;
				SUPPORTED_PLATFORMS = "iphoneos iphonesimulator macosx xros xrsimulator";
				SWIFT_APPROACHABLE_CONCURRENCY = YES;
				SWIFT_DEFAULT_ACTOR_ISOLATION = MainActor;
				SWIFT_EMIT_LOC_STRINGS = YES;
				SWIFT_UPCOMING_FEATURE_MEMBER_IMPORT_VISIBILITY = YES;
				SWIFT_VERSION = 5.0;
				TARGETED_DEVICE_FAMILY = "1,2,7";
				XROS_DEPLOYMENT_TARGET = 26.5;
			};
			name = Release;
		};
		26B64D5930251BCF00EB4FD0 /* Debug */ = {
			isa = XCBuildConfiguration;
			buildSettings = {
				BUNDLE_LOADER = "$(TEST_HOST)";
				CODE_SIGN_STYLE = Automatic;
				CURRENT_PROJECT_VERSION = 1;
				DEVELOPMENT_TEAM = XV8BAAVZ6V;
				GENERATE_INFOPLIST_FILE = YES;
				IPHONEOS_DEPLOYMENT_TARGET = 26.5;
				MACOSX_DEPLOYMENT_TARGET = 26.5;
				MARKETING_VERSION = 1.0;
				PRODUCT_BUNDLE_IDENTIFIER = co.sstools.SwitchyardTests;
				PRODUCT_NAME = "$(TARGET_NAME)";
				SDKROOT = auto;
				STRING_CATALOG_GENERATE_SYMBOLS = NO;
				SUPPORTED_PLATFORMS = "iphoneos iphonesimulator macosx xros xrsimulator";
				SWIFT_APPROACHABLE_CONCURRENCY = YES;
				SWIFT_EMIT_LOC_STRINGS = NO;
				SWIFT_UPCOMING_FEATURE_MEMBER_IMPORT_VISIBILITY = YES;
				SWIFT_VERSION = 5.0;
				TARGETED_DEVICE_FAMILY = "1,2,7";
				TEST_HOST = "$(BUILT_PRODUCTS_DIR)/Switchyard.app/$(BUNDLE_EXECUTABLE_FOLDER_PATH)/Switchyard";
				XROS_DEPLOYMENT_TARGET = 26.5;
			};
			name = Debug;
		};
		26B64D5A30251BCF00EB4FD0 /* Release */ = {
			isa = XCBuildConfiguration;
			buildSettings = {
				BUNDLE_LOADER = "$(TEST_HOST)";
				CODE_SIGN_STYLE = Automatic;
				CURRENT_PROJECT_VERSION = 1;
				DEVELOPMENT_TEAM = XV8BAAVZ6V;
				GENERATE_INFOPLIST_FILE = YES;
				IPHONEOS_DEPLOYMENT_TARGET = 26.5;
				MACOSX_DEPLOYMENT_TARGET = 26.5;
				MARKETING_VERSION = 1.0;
				PRODUCT_BUNDLE_IDENTIFIER = co.sstools.SwitchyardTests;
				PRODUCT_NAME = "$(TARGET_NAME)";
				SDKROOT = auto;
				STRING_CATALOG_GENERATE_SYMBOLS = NO;
				SUPPORTED_PLATFORMS = "iphoneos iphonesimulator macosx xros xrsimulator";
				SWIFT_APPROACHABLE_CONCURRENCY = YES;
				SWIFT_EMIT_LOC_STRINGS = NO;
				SWIFT_UPCOMING_FEATURE_MEMBER_IMPORT_VISIBILITY = YES;
				SWIFT_VERSION = 5.0;
				TARGETED_DEVICE_FAMILY = "1,2,7";
				TEST_HOST = "$(BUILT_PRODUCTS_DIR)/Switchyard.app/$(BUNDLE_EXECUTABLE_FOLDER_PATH)/Switchyard";
				XROS_DEPLOYMENT_TARGET = 26.5;
			};
			name = Release;
		};
		26B64D5C30251BCF00EB4FD0 /* Debug */ = {
			isa = XCBuildConfiguration;
			buildSettings = {
				CODE_SIGN_STYLE = Automatic;
				CURRENT_PROJECT_VERSION = 1;
				DEVELOPMENT_TEAM = XV8BAAVZ6V;
				GENERATE_INFOPLIST_FILE = YES;
				IPHONEOS_DEPLOYMENT_TARGET = 26.5;
				MACOSX_DEPLOYMENT_TARGET = 26.5;
				MARKETING_VERSION = 1.0;
				PRODUCT_BUNDLE_IDENTIFIER = co.sstools.SwitchyardUITests;
				PRODUCT_NAME = "$(TARGET_NAME)";
				SDKROOT = auto;
				STRING_CATALOG_GENERATE_SYMBOLS = NO;
				SUPPORTED_PLATFORMS = "iphoneos iphonesimulator macosx xros xrsimulator";
				SWIFT_APPROACHABLE_CONCURRENCY = YES;
				SWIFT_EMIT_LOC_STRINGS = NO;
				SWIFT_UPCOMING_FEATURE_MEMBER_IMPORT_VISIBILITY = YES;
				SWIFT_VERSION = 5.0;
				TARGETED_DEVICE_FAMILY = "1,2,7";
				TEST_TARGET_NAME = Switchyard;
				XROS_DEPLOYMENT_TARGET = 26.5;
			};
			name = Debug;
		};
		26B64D5D30251BCF00EB4FD0 /* Release */ = {
			isa = XCBuildConfiguration;
			buildSettings = {
				CODE_SIGN_STYLE = Automatic;
				CURRENT_PROJECT_VERSION = 1;
				DEVELOPMENT_TEAM = XV8BAAVZ6V;
				GENERATE_INFOPLIST_FILE = YES;
				IPHONEOS_DEPLOYMENT_TARGET = 26.5;
				MACOSX_DEPLOYMENT_TARGET = 26.5;
				MARKETING_VERSION = 1.0;
				PRODUCT_BUNDLE_IDENTIFIER = co.sstools.SwitchyardUITests;
				PRODUCT_NAME = "$(TARGET_NAME)";
				SDKROOT = auto;
				STRING_CATALOG_GENERATE_SYMBOLS = NO;
				SUPPORTED_PLATFORMS = "iphoneos iphonesimulator macosx xros xrsimulator";
				SWIFT_APPROACHABLE_CONCURRENCY = YES;
				SWIFT_EMIT_LOC_STRINGS = NO;
				SWIFT_UPCOMING_FEATURE_MEMBER_IMPORT_VISIBILITY = YES;
				SWIFT_VERSION = 5.0;
				TARGETED_DEVICE_FAMILY = "1,2,7";
				TEST_TARGET_NAME = Switchyard;
				XROS_DEPLOYMENT_TARGET = 26.5;
			};
			name = Release;
		};
		34F163B9D897EBA8BB129448 /* Debug */ = {
			isa = XCBuildConfiguration;
			buildSettings = {
				CODE_SIGN_STYLE = Automatic;
				COPY_PHASE_STRIP = NO;
				CURRENT_PROJECT_VERSION = 1;
				DEVELOPMENT_TEAM = XV8BAAVZ6V;
				ENABLE_HARDENED_RUNTIME = YES;
				GCC_DYNAMIC_NO_PIC = NO;
				GCC_OPTIMIZATION_LEVEL = 0;
				MACOSX_DEPLOYMENT_TARGET = 26.5;
				MARKETING_VERSION = 1.0;
				PRODUCT_BUNDLE_IDENTIFIER = co.sstools.Switchyard.broker;
				PRODUCT_NAME = BrokerAgent;
				SDKROOT = macosx;
				SKIP_INSTALL = YES;
				SUPPORTED_PLATFORMS = macosx;
				SWIFT_APPROACHABLE_CONCURRENCY = YES;
				SWIFT_DEFAULT_ACTOR_ISOLATION = nonisolated;
				SWIFT_STRICT_CONCURRENCY = complete;
				SWIFT_VERSION = 6.0;
			};
			name = Debug;
		};
		1307C59B1CFE801708408370 /* Release */ = {
			isa = XCBuildConfiguration;
			buildSettings = {
				CODE_SIGN_STYLE = Automatic;
				COPY_PHASE_STRIP = YES;
				CURRENT_PROJECT_VERSION = 1;
				DEBUG_INFORMATION_FORMAT = "dwarf-with-dsym";
				DEVELOPMENT_TEAM = XV8BAAVZ6V;
				ENABLE_HARDENED_RUNTIME = YES;
				MACOSX_DEPLOYMENT_TARGET = 26.5;
				MARKETING_VERSION = 1.0;
				PRODUCT_BUNDLE_IDENTIFIER = co.sstools.Switchyard.broker;
				PRODUCT_NAME = BrokerAgent;
				SDKROOT = macosx;
				SKIP_INSTALL = YES;
				SUPPORTED_PLATFORMS = macosx;
				SWIFT_APPROACHABLE_CONCURRENCY = YES;
				SWIFT_DEFAULT_ACTOR_ISOLATION = nonisolated;
				SWIFT_STRICT_CONCURRENCY = complete;
				SWIFT_VERSION = 6.0;
			};
			name = Release;
		};
/* End XCBuildConfiguration section */

/* Begin XCConfigurationList section */
		26B64D2F30251BCE00EB4FD0 /* Build configuration list for PBXProject "Switchyard" */ = {
			isa = XCConfigurationList;
			buildConfigurations = (
				26B64D5330251BCF00EB4FD0 /* Debug */,
				26B64D5430251BCF00EB4FD0 /* Release */,
			);
			defaultConfigurationIsVisible = 0;
			defaultConfigurationName = Release;
		};
		26B64D5530251BCF00EB4FD0 /* Build configuration list for PBXNativeTarget "Switchyard" */ = {
			isa = XCConfigurationList;
			buildConfigurations = (
				26B64D5630251BCF00EB4FD0 /* Debug */,
				26B64D5730251BCF00EB4FD0 /* Release */,
			);
			defaultConfigurationIsVisible = 0;
			defaultConfigurationName = Release;
		};
		26B64D5830251BCF00EB4FD0 /* Build configuration list for PBXNativeTarget "SwitchyardTests" */ = {
			isa = XCConfigurationList;
			buildConfigurations = (
				26B64D5930251BCF00EB4FD0 /* Debug */,
				26B64D5A30251BCF00EB4FD0 /* Release */,
			);
			defaultConfigurationIsVisible = 0;
			defaultConfigurationName = Release;
		};
		26B64D5B30251BCF00EB4FD0 /* Build configuration list for PBXNativeTarget "SwitchyardUITests" */ = {
			isa = XCConfigurationList;
			buildConfigurations = (
				26B64D5C30251BCF00EB4FD0 /* Debug */,
				26B64D5D30251BCF00EB4FD0 /* Release */,
			);
			defaultConfigurationIsVisible = 0;
			defaultConfigurationName = Release;
		};
		F35D2D8172A915A534600AEA /* Build configuration list for PBXNativeTarget "BrokerAgent" */ = {
			isa = XCConfigurationList;
			buildConfigurations = (
				34F163B9D897EBA8BB129448 /* Debug */,
				1307C59B1CFE801708408370 /* Release */,
			);
			defaultConfigurationIsVisible = 0;
			defaultConfigurationName = Release;
		};
/* End XCConfigurationList section */

/* Begin XCLocalSwiftPackageReference section */
		26BA44803025CBFE00DDB2E9 /* XCLocalSwiftPackageReference "YardKit" */ = {
			isa = XCLocalSwiftPackageReference;
			relativePath = YardKit;
		};
/* End XCLocalSwiftPackageReference section */

/* Begin XCSwiftPackageProductDependency section */
		26BA44843026752800DDB2E9 /* YardGit */ = {
			isa = XCSwiftPackageProductDependency;
			productName = YardGit;
		};
		26BA44863026752800DDB2E9 /* YardKit */ = {
			isa = XCSwiftPackageProductDependency;
			productName = YardKit;
		};
		A1B2C3D4E5F60000 /* YardUI */ = {
			isa = XCSwiftPackageProductDependency;
			productName = YardUI;
		};
/* End XCSwiftPackageProductDependency section */
	};
	rootObject = 26B64D2C30251BCE00EB4FD0 /* Project object */;
}
